// !$*UTF8*$!
{
	archiveVersion = 1;
	classes = {
	};
	objectVersion = 50;
	objects = {

/* Begin PBXBuildFile section */
		994BA6EE26C718BD00DA7D17 /* AppDelegate.swift in Sources */ = {isa = PBXBuildFile; fileRef = 994BA6ED26C718BD00DA7D17 /* AppDelegate.swift */; };
		994BA6F026C718BD00DA7D17 /* SceneDelegate.swift in Sources */ = {isa = PBXBuildFile; fileRef = 994BA6EF26C718BD00DA7D17 /* SceneDelegate.swift */; };
		994BA6F226C718BD00DA7D17 /* ViewController.swift in Sources */ = {isa = PBXBuildFile; fileRef = 994BA6F126C718BD00DA7D17 /* ViewController.swift */; };
		994BA6F526C718BD00DA7D17 /* Main.storyboard in Resources */ = {isa = PBXBuildFile; fileRef = 994BA6F326C718BD00DA7D17 /* Main.storyboard */; };
		994BA6F726C718BE00DA7D17 /* Assets.xcassets in Resources */ = {isa = PBXBuildFile; fileRef = 994BA6F626C718BE00DA7D17 /* Assets.xcassets */; };
		994BA6FA26C718BE00DA7D17 /* LaunchScreen.storyboard in Resources */ = {isa = PBXBuildFile; fileRef = 994BA6F826C718BE00DA7D17 /* LaunchScreen.storyboard */; };
		994BA70526C718BE00DA7D17 /* TeladocHealthTestProjectTests.swift in Sources */ = {isa = PBXBuildFile; fileRef = 994BA70426C718BE00DA7D17 /* TeladocHealthTestProjectTests.swift */; };
		994BA71026C718BE00DA7D17 /* TeladocHealthTestProjectUITests.swift in Sources */ = {isa = PBXBuildFile; fileRef = 994BA70F26C718BE00DA7D17 /* TeladocHealthTestProjectUITests.swift */; };
/* End PBXBuildFile section */

/* Begin PBXContainerItemProxy section */
		994BA70126C718BE00DA7D17 /* PBXContainerItemProxy */ = {
			isa = PBXContainerItemProxy;
			containerPortal = 994BA6E226C718BD00DA7D17 /* Project object */;
			proxyType = 1;
			remoteGlobalIDString = 994BA6E926C718BD00DA7D17;
			remoteInfo = TeladocHealthTestProject;
		};
		994BA70C26C718BE00DA7D17 /* PBXContainerItemProxy */ = {
			isa = PBXContainerItemProxy;
			containerPortal = 994BA6E226C718BD00DA7D17 /* Project object */;
			proxyType = 1;
			remoteGlobalIDString = 994BA6E926C718BD00DA7D17;
			remoteInfo = TeladocHealthTestProject;
		};
/* End PBXContainerItemProxy section */

/* Begin PBXFileReference section */
		994BA6EA26C718BD00DA7D17 /* TeladocHealthTestProject.app */ = {isa = PBXFileReference; explicitFileType = wrapper.application; includeInIndex = 0; path = TeladocHealthTestProject.app; sourceTree = BUILT_PRODUCTS_DIR; };
		994BA6ED26C718BD00DA7D17 /* AppDelegate.swift */ = {isa = PBXFileReference; lastKnownFileType = sourcecode.swift; path = AppDelegate.swift; sourceTree = "<group>"; };
		994BA6EF26C718BD00DA7D17 /* SceneDelegate.swift */ = {isa = PBXFileReference; lastKnownFileType = sourcecode.swift; path = SceneDelegate.swift; sourceTree = "<group>"; };
		994BA6F126C718BD00DA7D17 /* ViewController.swift */ = {isa = PBXFileReference; lastKnownFileType = sourcecode.swift; path = ViewController.swift; sourceTree = "<group>"; };
		994BA6F426C718BD00DA7D17 /* Base */ = {isa = PBXFileReference; lastKnownFileType = file.storyboard; name = Base; path = Base.lproj/Main.storyboard; sourceTree = "<group>"; };
		994BA6F626C718BE00DA7D17 /* Assets.xcassets */ = {isa = PBXFileReference; lastKnownFileType = folder.assetcatalog; path = Assets.xcassets; sourceTree = "<group>"; };
		994BA6F926C718BE00DA7D17 /* Base */ = {isa = PBXFileReference; lastKnownFileType = file.storyboard; name = Base; path = Base.lproj/LaunchScreen.storyboard; sourceTree = "<group>"; };
		994BA6FB26C718BE00DA7D17 /* Info.plist */ = {isa = PBXFileReference; lastKnownFileType = text.plist.xml; path = Info.plist; sourceTree = "<group>"; };
		994BA70026C718BE00DA7D17 /* TeladocHealthTestProjectTests.xctest */ = {isa = PBXFileReference; explicitFileType = wrapper.cfbundle; includeInIndex = 0; path = TeladocHealthTestProjectTests.xctest; sourceTree = BUILT_PRODUCTS_DIR; };
		994BA70426C718BE00DA7D17 /* TeladocHealthTestProjectTests.swift */ = {isa = PBXFileReference; lastKnownFileType = sourcecode.swift; path = TeladocHealthTestProjectTests.swift; sourceTree = "<group>"; };
		994BA70626C718BE00DA7D17 /* Info.plist */ = {isa = PBXFileReference; lastKnownFileType = text.plist.xml; path = Info.plist; sourceTree = "<group>"; };
		994BA70B26C718BE00DA7D17 /* TeladocHealthTestProjectUITests.xctest */ = {isa = PBXFileReference; explicitFileType = wrapper.cfbundle; includeInIndex = 0; path = TeladocHealthTestProjectUITests.xctest; sourceTree = BUILT_PRODUCTS_DIR; };
		994BA70F26C718BE00DA7D17 /* TeladocHealthTestProjectUITests.swift */ = {isa = PBXFileReference; lastKnownFileType = sourcecode.swift; path = TeladocHealthTestProjectUITests.swift; sourceTree = "<group>"; };
		994BA71126C718BE00DA7D17 /* Info.plist */ = {isa = PBXFileReference; lastKnownFileType = text.plist.xml; path = Info.plist; sourceTree = "<group>"; };
/* End PBXFileReference section */

/* Begin PBXFrameworksBuildPhase section */
		994BA6E726C718BD00DA7D17 /* Frameworks */ = {
			isa = PBXFrameworksBuildPhase;
			buildActionMask = 2147483647;
			files = (
			);
			runOnlyForDeploymentPostprocessing = 0;
		};
		994BA6FD26C718BE00DA7D17 /* Frameworks */ = {
			isa = PBXFrameworksBuildPhase;
			buildActionMask = 2147483647;
			files = (
			);
			runOnlyForDeploymentPostprocessing = 0;
		};
		994BA70826C718BE00DA7D17 /* Frameworks */ = {
			isa = PBXFrameworksBuildPhase;
			buildActionMask = 2147483647;
			files = (
			);
			runOnlyForDeploymentPostprocessing = 0;
		};
/* End PBXFrameworksBuildPhase section */

/* Begin PBXGroup section */
		994BA6E126C718BD00DA7D17 = {
			isa = PBXGroup;
			children = (
				994BA6EC26C718BD00DA7D17 /* TeladocHealthTestProject */,
				994BA70326C718BE00DA7D17 /* TeladocHealthTestProjectTests */,
				994BA70E26C718BE00DA7D17 /* TeladocHealthTestProjectUITests */,
				994BA6EB26C718BD00DA7D17 /* Products */,
			);
			sourceTree = "<group>";
		};
		994BA6EB26C718BD00DA7D17 /* Products */ = {
			isa = PBXGroup;
			children = (
				994BA6EA26C718BD00DA7D17 /* TeladocHealthTestProject.app */,
				994BA70026C718BE00DA7D17 /* TeladocHealthTestProjectTests.xctest */,
				994BA70B26C718BE00DA7D17 /* TeladocHealthTestProjectUITests.xctest */,
			);
			name = Products;
			sourceTree = "<group>";
		};
		994BA6EC26C718BD00DA7D17 /* TeladocHealthTestProject */ = {
			isa = PBXGroup;
			children = (
				994BA6ED26C718BD00DA7D17 /* AppDelegate.swift */,
				994BA6EF26C718BD00DA7D17 /* SceneDelegate.swift */,
				994BA6F126C718BD00DA7D17 /* ViewController.swift */,
				994BA6F326C718BD00DA7D17 /* Main.storyboard */,
				994BA6F626C718BE00DA7D17 /* Assets.xcassets */,
				994BA6F826C718BE00DA7D17 /* LaunchScreen.storyboard */,
				994BA6FB26C718BE00DA7D17 /* Info.plist */,
			);
			path = TeladocHealthTestProject;
			sourceTree = "<group>";
		};
		994BA70326C718BE00DA7D17 /* TeladocHealthTestProjectTests */ = {
			isa = PBXGroup;
			children = (
				994BA70426C718BE00DA7D17 /* TeladocHealthTestProjectTests.swift */,
				994BA70626C718BE00DA7D17 /* Info.plist */,
			);
			path = TeladocHealthTestProjectTests;
			sourceTree = "<group>";
		};
		994BA70E26C718BE00DA7D17 /* TeladocHealthTestProjectUITests */ = {
			isa = PBXGroup;
			children = (
				994BA70F26C718BE00DA7D17 /* TeladocHealthTestProjectUITests.swift */,
				994BA71126C718BE00DA7D17 /* Info.plist */,
			);
			path = TeladocHealthTestProjectUITests;
			sourceTree = "<group>";
		};
/* End PBXGroup section */

/* Begin PBXNativeTarget section */
		994BA6E926C718BD00DA7D17 /* TeladocHealthTestProject */ = {
			isa = PBXNativeTarget;
			buildConfigurationList = 994BA71426C718BE00DA7D17 /* Build configuration list for PBXNativeTarget "TeladocHealthTestProject" */;
			buildPhases = (
				994BA6E626C718BD00DA7D17 /* Sources */,
				994BA6E726C718BD00DA7D17 /* Frameworks */,
				994BA6E826C718BD00DA7D17 /* Resources */,
			);
			buildRules = (
			);
			dependencies = (
			);
			name = TeladocHealthTestProject;
			productName = TeladocHealthTestProject;
			productReference = 994BA6EA26C718BD00DA7D17 /* TeladocHealthTestProject.app */;
			productType = "com.apple.product-type.application";
		};
		994BA6FF26C718BE00DA7D17 /* TeladocHealthTestProjectTests */ = {
			isa = PBXNativeTarget;
			buildConfigurationList = 994BA71726C718BE00DA7D17 /* Build configuration list for PBXNativeTarget "TeladocHealthTestProjectTests" */;
			buildPhases = (
				994BA6FC26C718BE00DA7D17 /* Sources */,
				994BA6FD26C718BE00DA7D17 /* Frameworks */,
				994BA6FE26C718BE00DA7D17 /* Resources */,
			);
			buildRules = (
			);
			dependencies = (
				994BA70226C718BE00DA7D17 /* PBXTargetDependency */,
			);
			name = TeladocHealthTestProjectTests;
			productName = TeladocHealthTestProjectTests;
			productReference = 994BA70026C718BE00DA7D17 /* TeladocHealthTestProjectTests.xctest */;
			productType = "com.apple.product-type.bundle.unit-test";
		};
		994BA70A26C718BE00DA7D17 /* TeladocHealthTestProjectUITests */ = {
			isa = PBXNativeTarget;
			buildConfigurationList = 994BA71A26C718BE00DA7D17 /* Build configuration list for PBXNativeTarget "TeladocHealthTestProjectUITests" */;
			buildPhases = (
				994BA70726C718BE00DA7D17 /* Sources */,
				994BA70826C718BE00DA7D17 /* Frameworks */,
				994BA70926C718BE00DA7D17 /* Resources */,
			);
			buildRules = (
			);
			dependencies = (
				994BA70D26C718BE00DA7D17 /* PBXTargetDependency */,
			);
			name = TeladocHealthTestProjectUITests;
			productName = TeladocHealthTestProjectUITests;
			productReference = 994BA70B26C718BE00DA7D17 /* TeladocHealthTestProjectUITests.xctest */;
			productType = "com.apple.product-type.bundle.ui-testing";
		};
/* End PBXNativeTarget section */

/* Begin PBXProject section */
		994BA6E226C718BD00DA7D17 /* Project object */ = {
			isa = PBXProject;
			attributes = {
				LastSwiftUpdateCheck = 1250;
				LastUpgradeCheck = 1250;
				TargetAttributes = {
					994BA6E926C718BD00DA7D17 = {
						CreatedOnToolsVersion = 12.5.1;
					};
					994BA6FF26C718BE00DA7D17 = {
						CreatedOnToolsVersion = 12.5.1;
						TestTargetID = 994BA6E926C718BD00DA7D17;
					};
					994BA70A26C718BE00DA7D17 = {
						CreatedOnToolsVersion = 12.5.1;
						TestTargetID = 994BA6E926C718BD00DA7D17;
					};
				};
			};
			buildConfigurationList = 994BA6E526C718BD00DA7D17 /* Build configuration list for PBXProject "TeladocHealthTestProject" */;
			compatibilityVersion = "Xcode 9.3";
			developmentRegion = en;
			hasScannedForEncodings = 0;
			knownRegions = (
				en,
				Base,
			);
			mainGroup = 994BA6E126C718BD00DA7D17;
			productRefGroup = 994BA6EB26C718BD00DA7D17 /* Products */;
			projectDirPath = "";
			projectRoot = "";
			targets = (
				994BA6E926C718BD00DA7D17 /* TeladocHealthTestProject */,
				994BA6FF26C718BE00DA7D17 /* TeladocHealthTestProjectTests */,
				994BA70A26C718BE00DA7D17 /* TeladocHealthTestProjectUITests */,
			);
		};
/* End PBXProject section */

/* Begin PBXResourcesBuildPhase section */
		994BA6E826C718BD00DA7D17 /* Resources */ = {
			isa = PBXResourcesBuildPhase;
			buildActionMask = 2147483647;
			files = (
				994BA6FA26C718BE00DA7D17 /* LaunchScreen.storyboard in Resources */,
				994BA6F726C718BE00DA7D17 /* Assets.xcassets in Resources */,
				994BA6F526C718BD00DA7D17 /* Main.storyboard in Resources */,
			);
			runOnlyForDeploymentPostprocessing = 0;
		};
		994BA6FE26C718BE00DA7D17 /* Resources */ = {
			isa = PBXResourcesBuildPhase;
			buildActionMask = 2147483647;
			files = (
			);
			runOnlyForDeploymentPostprocessing = 0;
		};
		994BA70926C718BE00DA7D17 /* Resources */ = {
			isa = PBXResourcesBuildPhase;
			buildActionMask = 2147483647;
			files = (
			);
			runOnlyForDeploymentPostprocessing = 0;
		};
/* End PBXResourcesBuildPhase section */

/* Begin PBXSourcesBuildPhase section */
		994BA6E626C718BD00DA7D17 /* Sources */ = {
			isa = PBXSourcesBuildPhase;
			buildActionMask = 2147483647;
			files = (
				994BA6F226C718BD00DA7D17 /* ViewController.swift in Sources */,
				994BA6EE26C718BD00DA7D17 /* AppDelegate.swift in Sources */,
				994BA6F026C718BD00DA7D17 /* SceneDelegate.swift in Sources */,
			);
			runOnlyForDeploymentPostprocessing = 0;
		};
		994BA6FC26C718BE00DA7D17 /* Sources */ = {
			isa = PBXSourcesBuildPhase;
			buildActionMask = 2147483647;
			files = (
				994BA70526C718BE00DA7D17 /* TeladocHealthTestProjectTests.swift in Sources */,
			);
			runOnlyForDeploymentPostprocessing = 0;
		};
		994BA70726C718BE00DA7D17 /* Sources */ = {
			isa = PBXSourcesBuildPhase;
			buildActionMask = 2147483647;
			files = (
				994BA71026C718BE00DA7D17 /* TeladocHealthTestProjectUITests.swift in Sources */,
			);
			runOnlyForDeploymentPostprocessing = 0;
		};
/* End PBXSourcesBuildPhase section */

/* Begin PBXTargetDependency section */
		994BA70226C718BE00DA7D17 /* PBXTargetDependency */ = {
			isa = PBXTargetDependency;
			target = 994BA6E926C718BD00DA7D17 /* TeladocHealthTestProject */;
			targetProxy = 994BA70126C718BE00DA7D17 /* PBXContainerItemProxy */;
		};
		994BA70D26C718BE00DA7D17 /* PBXTargetDependency */ = {
			isa = PBXTargetDependency;
			target = 994BA6E926C718BD00DA7D17 /* TeladocHealthTestProject */;
			targetProxy = 994BA70C26C718BE00DA7D17 /* PBXContainerItemProxy */;
		};
/* End PBXTargetDependency section */

/* Begin PBXVariantGroup section */
		994BA6F326C718BD00DA7D17 /* Main.storyboard */ = {
			isa = PBXVariantGroup;
			children = (
				994BA6F426C718BD00DA7D17 /* Base */,
			);
			name = Main.storyboard;
			sourceTree = "<group>";
		};
		994BA6F826C718BE00DA7D17 /* LaunchScreen.storyboard */ = {
			isa = PBXVariantGroup;
			children = (
				994BA6F926C718BE00DA7D17 /* Base */,
			);
			name = LaunchScreen.storyboard;
			sourceTree = "<group>";
		};
/* End PBXVariantGroup section */

/* Begin XCBuildConfiguration section */
		994BA71226C718BE00DA7D17 /* Debug */ = {
			isa = XCBuildConfiguration;
			buildSettings = {
				ALWAYS_SEARCH_USER_PATHS = NO;
				CLANG_ANALYZER_NONNULL = YES;
				CLANG_ANALYZER_NUMBER_OBJECT_CONVERSION = YES_AGGRESSIVE;
				CLANG_CXX_LANGUAGE_STANDARD = "gnu++14";
				CLANG_CXX_LIBRARY = "libc++";
				CLANG_ENABLE_MODULES = YES;
				CLANG_ENABLE_OBJC_ARC = YES;
				CLANG_ENABLE_OBJC_WEAK = YES;
				CLANG_WARN_BLOCK_CAPTURE_AUTORELEASING = YES;
				CLANG_WARN_BOOL_CONVERSION = YES;
				CLANG_WARN_COMMA = YES;
				CLANG_WARN_CONSTANT_CONVERSION = YES;
				CLANG_WARN_DEPRECATED_OBJC_IMPLEMENTATIONS = YES;
				CLANG_WARN_DIRECT_OBJC_ISA_USAGE = YES_ERROR;
				CLANG_WARN_DOCUMENTATION_COMMENTS = YES;
				CLANG_WARN_EMPTY_BODY = YES;
				CLANG_WARN_ENUM_CONVERSION = YES;
				CLANG_WARN_INFINITE_RECURSION = YES;
				CLANG_WARN_INT_CONVERSION = YES;
				CLANG_WARN_NON_LITERAL_NULL_CONVERSION = YES;
				CLANG_WARN_OBJC_IMPLICIT_RETAIN_SELF = YES;
				CLANG_WARN_OBJC_LITERAL_CONVERSION = YES;
				CLANG_WARN_OBJC_ROOT_CLASS = YES_ERROR;
				CLANG_WARN_QUOTED_INCLUDE_IN_FRAMEWORK_HEADER = YES;
				CLANG_WARN_RANGE_LOOP_ANALYSIS = YES;
				CLANG_WARN_STRICT_PROTOTYPES = YES;
				CLANG_WARN_SUSPICIOUS_MOVE = YES;
				CLANG_WARN_UNGUARDED_AVAILABILITY = YES_AGGRESSIVE;
				CLANG_WARN_UNREACHABLE_CODE = YES;
				CLANG_WARN__DUPLICATE_METHOD_MATCH = YES;
				COPY_PHASE_STRIP = NO;
				DEBUG_INFORMATION_FORMAT = dwarf;
				ENABLE_STRICT_OBJC_MSGSEND = YES;
				ENABLE_TESTABILITY = YES;
				GCC_C_LANGUAGE_STANDARD = gnu11;
				GCC_DYNAMIC_NO_PIC = NO;
				GCC_NO_COMMON_BLOCKS = YES;
				GCC_OPTIMIZATION_LEVEL = 0;
				GCC_PREPROCESSOR_DEFINITIONS = (
					"DEBUG=1",
					"$(inherited)",
				);
				GCC_WARN_64_TO_32_BIT_CONVERSION = YES;
				GCC_WARN_ABOUT_RETURN_TYPE = YES_ERROR;
				GCC_WARN_UNDECLARED_SELECTOR = YES;
				GCC_WARN_UNINITIALIZED_AUTOS = YES_AGGRESSIVE;
				GCC_WARN_UNUSED_FUNCTION = YES;
				GCC_WARN_UNUSED_VARIABLE = YES;
				IPHONEOS_DEPLOYMENT_TARGET = 14.5;
				MTL_ENABLE_DEBUG_INFO = INCLUDE_SOURCE;
				MTL_FAST_MATH = YES;
				ONLY_ACTIVE_ARCH = YES;
				SDKROOT = iphoneos;
				SWIFT_ACTIVE_COMPILATION_CONDITIONS = DEBUG;
				SWIFT_OPTIMIZATION_LEVEL = "-Onone";
			};
			name = Debug;
		};
		994BA71326C718BE00DA7D17 /* Release */ = {
			isa = XCBuildConfiguration;
			buildSettings = {
				ALWAYS_SEARCH_USER_PATHS = NO;
				CLANG_ANALYZER_NONNULL = YES;
				CLANG_ANALYZER_NUMBER_OBJECT_CONVERSION = YES_AGGRESSIVE;
				CLANG_CXX_LANGUAGE_STANDARD = "gnu++14";
				CLANG_CXX_LIBRARY = "libc++";
				CLANG_ENABLE_MODULES = YES;
				CLANG_ENABLE_OBJC_ARC = YES;
				CLANG_ENABLE_OBJC_WEAK = YES;
				CLANG_WARN_BLOCK_CAPTURE_AUTORELEASING = YES;
				CLANG_WARN_BOOL_CONVERSION = YES;
				CLANG_WARN_COMMA = YES;
				CLANG_WARN_CONSTANT_CONVERSION = YES;
				CLANG_WARN_DEPRECATED_OBJC_IMPLEMENTATIONS = YES;
				CLANG_WARN_DIRECT_OBJC_ISA_USAGE = YES_ERROR;
				CLANG_WARN_DOCUMENTATION_COMMENTS = YES;
				CLANG_WARN_EMPTY_BODY = YES;
				CLANG_WARN_ENUM_CONVERSION = YES;
				CLANG_WARN_INFINITE_RECURSION = YES;
				CLANG_WARN_INT_CONVERSION = YES;
				CLANG_WARN_NON_LITERAL_NULL_CONVERSION = YES;
				CLANG_WARN_OBJC_IMPLICIT_RETAIN_SELF = YES;
				CLANG_WARN_OBJC_LITERAL_CONVERSION = YES;
				CLANG_WARN_OBJC_ROOT_CLASS = YES_ERROR;
				CLANG_WARN_QUOTED_INCLUDE_IN_FRAMEWORK_HEADER = YES;
				CLANG_WARN_RANGE_LOOP_ANALYSIS = YES;
				CLANG_WARN_STRICT_PROTOTYPES = YES;
				CLANG_WARN_SUSPICIOUS_MOVE = YES;
				CLANG_WARN_UNGUARDED_AVAILABILITY = YES_AGGRESSIVE;
				CLANG_WARN_UNREACHABLE_CODE = YES;
				CLANG_WARN__DUPLICATE_METHOD_MATCH = YES;
				COPY_PHASE_STRIP = NO;
				DEBUG_INFORMATION_FORMAT = "dwarf-with-dsym";
				ENABLE_NS_ASSERTIONS = NO;
				ENABLE_STRICT_OBJC_MSGSEND = YES;
				GCC_C_LANGUAGE_STANDARD = gnu11;
				GCC_NO_COMMON_BLOCKS = YES;
				GCC_WARN_64_TO_32_BIT_CONVERSION = YES;
				GCC_WARN_ABOUT_RETURN_TYPE = YES_ERROR;
				GCC_WARN_UNDECLARED_SELECTOR = YES;
				GCC_WARN_UNINITIALIZED_AUTOS = YES_AGGRESSIVE;
				GCC_WARN_UNUSED_FUNCTION = YES;
				GCC_WARN_UNUSED_VARIABLE = YES;
				IPHONEOS_DEPLOYMENT_TARGET = 14.5;
				MTL_ENABLE_DEBUG_INFO = NO;
				MTL_FAST_MATH = YES;
				SDKROOT = iphoneos;
				SWIFT_COMPILATION_MODE = wholemodule;
				SWIFT_OPTIMIZATION_LEVEL = "-O";
				VALIDATE_PRODUCT = YES;
			};
			name = Release;
		};
		994BA71526C718BE00DA7D17 /* Debug */ = {
			isa = XCBuildConfiguration;
			buildSettings = {
				ASSETCATALOG_COMPILER_APPICON_NAME = AppIcon;
				ASSETCATALOG_COMPILER_GLOBAL_ACCENT_COLOR_NAME = AccentColor;
				CODE_SIGN_STYLE = Automatic;
				DEVELOPMENT_TEAM = RSZ2KMU38Z;
				INFOPLIST_FILE = TeladocHealthTestProject/Info.plist;
				LD_RUNPATH_SEARCH_PATHS = (
					"$(inherited)",
					"@executable_path/Frameworks",
				);
				PRODUCT_BUNDLE_IDENTIFIER = example.TeladocHealthTestProject;
				PRODUCT_NAME = "$(TARGET_NAME)";
				SWIFT_VERSION = 5.0;
				TARGETED_DEVICE_FAMILY = "1,2";
			};
			name = Debug;
		};
		994BA71626C718BE00DA7D17 /* Release */ = {
			isa = XCBuildConfiguration;
			buildSettings = {
				ASSETCATALOG_COMPILER_APPICON_NAME = AppIcon;
				ASSETCATALOG_COMPILER_GLOBAL_ACCENT_COLOR_NAME = AccentColor;
				CODE_SIGN_STYLE = Automatic;
				DEVELOPMENT_TEAM = RSZ2KMU38Z;
				INFOPLIST_FILE = TeladocHealthTestProject/Info.plist;
				LD_RUNPATH_SEARCH_PATHS = (
					"$(inherited)",
					"@executable_path/Frameworks",
				);
				PRODUCT_BUNDLE_IDENTIFIER = example.TeladocHealthTestProject;
				PRODUCT_NAME = "$(TARGET_NAME)";
				SWIFT_VERSION = 5.0;
				TARGETED_DEVICE_FAMILY = "1,2";
			};
			name = Release;
		};
		994BA71826C718BE00DA7D17 /* Debug */ = {
			isa = XCBuildConfiguration;
			buildSettings = {
				ALWAYS_EMBED_SWIFT_STANDARD_LIBRARIES = YES;
				BUNDLE_LOADER = "$(TEST_HOST)";
				CODE_SIGN_STYLE = Automatic;
				DEVELOPMENT_TEAM = RSZ2KMU38Z;
				INFOPLIST_FILE = TeladocHealthTestProjectTests/Info.plist;
				IPHONEOS_DEPLOYMENT_TARGET = 14.5;
				LD_RUNPATH_SEARCH_PATHS = (
					"$(inherited)",
					"@executable_path/Frameworks",
					"@loader_path/Frameworks",
				);
				PRODUCT_BUNDLE_IDENTIFIER = example.TeladocHealthTestProjectTests;
				PRODUCT_NAME = "$(TARGET_NAME)";
				SWIFT_VERSION = 5.0;
				TARGETED_DEVICE_FAMILY = "1,2";
				TEST_HOST = "$(BUILT_PRODUCTS_DIR)/TeladocHealthTestProject.app/TeladocHealthTestProject";
			};
			name = Debug;
		};
		994BA71926C718BE00DA7D17 /* Release */ = {
			isa = XCBuildConfiguration;
			buildSettings = {
				ALWAYS_EMBED_SWIFT_STANDARD_LIBRARIES = YES;
				BUNDLE_LOADER = "$(TEST_HOST)";
				CODE_SIGN_STYLE = Automatic;
				DEVELOPMENT_TEAM = RSZ2KMU38Z;
				INFOPLIST_FILE = TeladocHealthTestProjectTests/Info.plist;
				IPHONEOS_DEPLOYMENT_TARGET = 14.5;
				LD_RUNPATH_SEARCH_PATHS = (
					"$(inherited)",
					"@executable_path/Frameworks",
					"@loader_path/Frameworks",
				);
				PRODUCT_BUNDLE_IDENTIFIER = example.TeladocHealthTestProjectTests;
				PRODUCT_NAME = "$(TARGET_NAME)";
				SWIFT_VERSION = 5.0;
				TARGETED_DEVICE_FAMILY = "1,2";
				TEST_HOST = "$(BUILT_PRODUCTS_DIR)/TeladocHealthTestProject.app/TeladocHealthTestProject";
			};
			name = Release;
		};
		994BA71B26C718BE00DA7D17 /* Debug */ = {
			isa = XCBuildConfiguration;
			buildSettings = {
				ALWAYS_EMBED_SWIFT_STANDARD_LIBRARIES = YES;
				CODE_SIGN_STYLE = Automatic;
				DEVELOPMENT_TEAM = RSZ2KMU38Z;
				INFOPLIST_FILE = TeladocHealthTestProjectUITests/Info.plist;
				LD_RUNPATH_SEARCH_PATHS = (
					"$(inherited)",
					"@executable_path/Frameworks",
					"@loader_path/Frameworks",
				);
				PRODUCT_BUNDLE_IDENTIFIER = example.TeladocHealthTestProjectUITests;
				PRODUCT_NAME = "$(TARGET_NAME)";
				SWIFT_VERSION = 5.0;
				TARGETED_DEVICE_FAMILY = "1,2";
				TEST_TARGET_NAME = TeladocHealthTestProject;
			};
			name = Debug;
		};
		994BA71C26C718BE00DA7D17 /* Release */ = {
			isa = XCBuildConfiguration;
			buildSettings = {
				ALWAYS_EMBED_SWIFT_STANDARD_LIBRARIES = YES;
				CODE_SIGN_STYLE = Automatic;
				DEVELOPMENT_TEAM = RSZ2KMU38Z;
				INFOPLIST_FILE = TeladocHealthTestProjectUITests/Info.plist;
				LD_RUNPATH_SEARCH_PATHS = (
					"$(inherited)",
					"@executable_path/Frameworks",
					"@loader_path/Frameworks",
				);
				PRODUCT_BUNDLE_IDENTIFIER = example.TeladocHealthTestProjectUITests;
				PRODUCT_NAME = "$(TARGET_NAME)";
				SWIFT_VERSION = 5.0;
				TARGETED_DEVICE_FAMILY = "1,2";
				TEST_TARGET_NAME = TeladocHealthTestProject;
			};
			name = Release;
		};
/* End XCBuildConfiguration section */

/* Begin XCConfigurationList section */
		994BA6E526C718BD00DA7D17 /* Build configuration list for PBXProject "TeladocHealthTestProject" */ = {
			isa = XCConfigurationList;
			buildConfigurations = (
				994BA71226C718BE00DA7D17 /* Debug */,
				994BA71326C718BE00DA7D17 /* Release */,
			);
			defaultConfigurationIsVisible = 0;
			defaultConfigurationName = Release;
		};
		994BA71426C718BE00DA7D17 /* Build configuration list for PBXNativeTarget "TeladocHealthTestProject" */ = {
			isa = XCConfigurationList;
			buildConfigurations = (
				994BA71526C718BE00DA7D17 /* Debug */,
				994BA71626C718BE00DA7D17 /* Release */,
			);
			defaultConfigurationIsVisible = 0;
			defaultConfigurationName = Release;
		};
		994BA71726C718BE00DA7D17 /* Build configuration list for PBXNativeTarget "TeladocHealthTestProjectTests" */ = {
			isa = XCConfigurationList;
			buildConfigurations = (
				994BA71826C718BE00DA7D17 /* Debug */,
				994BA71926C718BE00DA7D17 /* Release */,
			);
			defaultConfigurationIsVisible = 0;
			defaultConfigurationName = Release;
		};
		994BA71A26C718BE00DA7D17 /* Build configuration list for PBXNativeTarget "TeladocHealthTestProjectUITests" */ = {
			isa = XCConfigurationList;
			buildConfigurations = (
				994BA71B26C718BE00DA7D17 /* Debug */,
				994BA71C26C718BE00DA7D17 /* Release */,
			);
			defaultConfigurationIsVisible = 0;
			defaultConfigurationName = Release;
		};
/* End XCConfigurationList section */
	};
	rootObject = 994BA6E226C718BD00DA7D17 /* Project object */;
}
