// !$*UTF8*$!
{
	archiveVersion = 1;
	classes = {
	};
	objectVersion = 50;
	objects = {

/* Begin PBXBuildFile section */
		994BA6EE26C718BD00DA7D17 /* AppDelegate.swift in Sources */ = {isa = PBXBuildFile; fileRef = 994BA6ED26C718BD00DA7D17 /* AppDelegate.swift */; };
		994BA6F026C718BD00DA7D17 /* SceneDelegate.swift in Sources */ = {isa = PBXBuildFile; fileRef = 994BA6EF26C718BD00DA7D17 /* SceneDelegate.swift */; };
		994BA6F226C718BD00DA7D17 /* NumbersListViewController.swift in Sources */ = {isa = PBXBuildFile; fileRef = 994BA6F126C718BD00DA7D17 /* NumbersListViewController.swift */; };
		994BA6F726C718BE00DA7D17 /* Assets.xcassets in Resources */ = {isa = PBXBuildFile; fileRef = 994BA6F626C718BE00DA7D17 /* Assets.xcassets */; };
		994BA6FA26C718BE00DA7D17 /* LaunchScreen.storyboard in Resources */ = {isa = PBXBuildFile; fileRef = 994BA6F826C718BE00DA7D17 /* LaunchScreen.storyboard */; };
		994BA70526C718BE00DA7D17 /* TeladocHealthTestProjectTests.swift in Sources */ = {isa = PBXBuildFile; fileRef = 994BA70426C718BE00DA7D17 /* TeladocHealthTestProjectTests.swift */; };
		994BA71026C718BE00DA7D17 /* TeladocHealthTestProjectUITests.swift in Sources */ = {isa = PBXBuildFile; fileRef = 994BA70F26C718BE00DA7D17 /* TeladocHealthTestProjectUITests.swift */; };
		994BA71F26C7195900DA7D17 /* AppCoordinator.swift in Sources */ = {isa = PBXBuildFile; fileRef = 994BA71E26C7195900DA7D17 /* AppCoordinator.swift */; };
		994BA72226C7197700DA7D17 /* Coordinator.swift in Sources */ = {isa = PBXBuildFile; fileRef = 994BA72126C7197700DA7D17 /* Coordinator.swift */; };
		99AD1B4B26C97A08007A5DFF /* LoadingView.swift in Sources */ = {isa = PBXBuildFile; fileRef = 99AD1B4A26C97A08007A5DFF /* LoadingView.swift */; };
		99AD1B4D26C9B5B3007A5DFF /* ErrorPlaceholderView.swift in Sources */ = {isa = PBXBuildFile; fileRef = 99AD1B4C26C9B5B3007A5DFF /* ErrorPlaceholderView.swift */; };
		99AD1B4F26C9BCE1007A5DFF /* LoadingState.swift in Sources */ = {isa = PBXBuildFile; fileRef = 99AD1B4E26C9BCE1007A5DFF /* LoadingState.swift */; };
		99AD1B5226C9D4BD007A5DFF /* NetworkClient.swift in Sources */ = {isa = PBXBuildFile; fileRef = 99AD1B5126C9D4BD007A5DFF /* NetworkClient.swift */; };
		99AFEEA126C8875E00472CA2 /* NumbersListModuleAssembly.swift in Sources */ = {isa = PBXBuildFile; fileRef = 99AFEEA026C8875E00472CA2 /* NumbersListModuleAssembly.swift */; };
		99AFEEA326C8887300472CA2 /* Module.swift in Sources */ = {isa = PBXBuildFile; fileRef = 99AFEEA226C8887300472CA2 /* Module.swift */; };
		99D7CDAF26C94B3200A06DE6 /* NumbersListPresenter.swift in Sources */ = {isa = PBXBuildFile; fileRef = 99D7CDAE26C94B3200A06DE6 /* NumbersListPresenter.swift */; };
		99D7CDB326C94D7000A06DE6 /* ModulesFactory.swift in Sources */ = {isa = PBXBuildFile; fileRef = 99D7CDB226C94D7000A06DE6 /* ModulesFactory.swift */; };
		99E16F4726D933C700BB5132 /* NumbersDetailViewController.swift in Sources */ = {isa = PBXBuildFile; fileRef = 99E16F4626D933C700BB5132 /* NumbersDetailViewController.swift */; };
		99E16F4926D933F800BB5132 /* NumbersDetailPresenter.swift in Sources */ = {isa = PBXBuildFile; fileRef = 99E16F4826D933F800BB5132 /* NumbersDetailPresenter.swift */; };
		99E16F4B26D93A0100BB5132 /* NumbersDetailItem.swift in Sources */ = {isa = PBXBuildFile; fileRef = 99E16F4A26D93A0100BB5132 /* NumbersDetailItem.swift */; };
		99E16F4E26D941DD00BB5132 /* NumbersDetailModuleAssembly.swift in Sources */ = {isa = PBXBuildFile; fileRef = 99E16F4D26D941DD00BB5132 /* NumbersDetailModuleAssembly.swift */; };
		99FC647326CC51B400F985EF /* NCConfiguration.swift in Sources */ = {isa = PBXBuildFile; fileRef = 99FC647226CC51B400F985EF /* NCConfiguration.swift */; };
		99FC647626CC5A1800F985EF /* NCHTTPMethod.swift in Sources */ = {isa = PBXBuildFile; fileRef = 99FC647526CC5A1800F985EF /* NCHTTPMethod.swift */; };
		99FC647826CC5DAE00F985EF /* NCRequestTask.swift in Sources */ = {isa = PBXBuildFile; fileRef = 99FC647726CC5DAE00F985EF /* NCRequestTask.swift */; };
		99FC647D26CC6E5900F985EF /* NCRetrier.swift in Sources */ = {isa = PBXBuildFile; fileRef = 99FC647C26CC6E5900F985EF /* NCRetrier.swift */; };
		99FC648026CC70C000F985EF /* NCHTTPResponse.swift in Sources */ = {isa = PBXBuildFile; fileRef = 99FC647F26CC70C000F985EF /* NCHTTPResponse.swift */; };
		99FC648326CC7A8300F985EF /* NCRequestExecutor.swift in Sources */ = {isa = PBXBuildFile; fileRef = 99FC648226CC7A8300F985EF /* NCRequestExecutor.swift */; };
		99FC648626CC948900F985EF /* NCRequestBuilder.swift in Sources */ = {isa = PBXBuildFile; fileRef = 99FC648526CC948900F985EF /* NCRequestBuilder.swift */; };
		99FC648926CD3ACC00F985EF /* NCRequestConfiguration.swift in Sources */ = {isa = PBXBuildFile; fileRef = 99FC648826CD3ACC00F985EF /* NCRequestConfiguration.swift */; };
		99FC648D26CD535800F985EF /* NCResponseHandler.swift in Sources */ = {isa = PBXBuildFile; fileRef = 99FC648C26CD535800F985EF /* NCResponseHandler.swift */; };
		99FC648F26CD57AB00F985EF /* NCError.swift in Sources */ = {isa = PBXBuildFile; fileRef = 99FC648E26CD57AB00F985EF /* NCError.swift */; };
		99FC649126CDC9C000F985EF /* NCSessionDelegate.swift in Sources */ = {isa = PBXBuildFile; fileRef = 99FC649026CDC9C000F985EF /* NCSessionDelegate.swift */; };
		99FC64CB26CF0E1A00F985EF /* NCState.swift in Sources */ = {isa = PBXBuildFile; fileRef = 99FC64CA26CF0E1A00F985EF /* NCState.swift */; };
		99FC64FE26D4520F00F985EF /* Encodable+Dictionary.swift in Sources */ = {isa = PBXBuildFile; fileRef = 99FC64FD26D4520F00F985EF /* Encodable+Dictionary.swift */; };
		99FC650F26D5C3F800F985EF /* ApiService.swift in Sources */ = {isa = PBXBuildFile; fileRef = 99FC650E26D5C3F800F985EF /* ApiService.swift */; };
		99FC651126D5DDC900F985EF /* AnyEncodable.swift in Sources */ = {isa = PBXBuildFile; fileRef = 99FC651026D5DDC900F985EF /* AnyEncodable.swift */; };
		99FC651326D6EE7900F985EF /* NetworkClientAssembly.swift in Sources */ = {isa = PBXBuildFile; fileRef = 99FC651226D6EE7900F985EF /* NetworkClientAssembly.swift */; };
		99FC651626D6EF7E00F985EF /* NumbersRequestSchema.swift in Sources */ = {isa = PBXBuildFile; fileRef = 99FC651526D6EF7E00F985EF /* NumbersRequestSchema.swift */; };
		99FC651826D6EF8B00F985EF /* NumbersResponseSchema.swift in Sources */ = {isa = PBXBuildFile; fileRef = 99FC651726D6EF8B00F985EF /* NumbersResponseSchema.swift */; };
		99FC651A26D6F01400F985EF /* DefaultSchemas.swift in Sources */ = {isa = PBXBuildFile; fileRef = 99FC651926D6F01400F985EF /* DefaultSchemas.swift */; };
		99FC651C26D706AD00F985EF /* AppSettings.swift in Sources */ = {isa = PBXBuildFile; fileRef = 99FC651B26D706AD00F985EF /* AppSettings.swift */; };
		99FC651E26D8778600F985EF /* NumberItem.swift in Sources */ = {isa = PBXBuildFile; fileRef = 99FC651D26D8778600F985EF /* NumberItem.swift */; };
/* End PBXBuildFile section */

/* Begin PBXContainerItemProxy section */
		994BA70126C718BE00DA7D17 /* PBXContainerItemProxy */ = {
			isa = PBXContainerItemProxy;
			containerPortal = 994BA6E226C718BD00DA7D17 /* Project object */;
			proxyType = 1;
			remoteGlobalIDString = 994BA6E926C718BD00DA7D17;
			remoteInfo = TeladocHealthTestProject;
		};
		994BA70C26C718BE00DA7D17 /* PBXContainerItemProxy */ = {
			isa = PBXContainerItemProxy;
			containerPortal = 994BA6E226C718BD00DA7D17 /* Project object */;
			proxyType = 1;
			remoteGlobalIDString = 994BA6E926C718BD00DA7D17;
			remoteInfo = TeladocHealthTestProject;
		};
/* End PBXContainerItemProxy section */

/* Begin PBXFileReference section */
		994BA6EA26C718BD00DA7D17 /* TeladocHealthTestProject.app */ = {isa = PBXFileReference; explicitFileType = wrapper.application; includeInIndex = 0; path = TeladocHealthTestProject.app; sourceTree = BUILT_PRODUCTS_DIR; };
		994BA6ED26C718BD00DA7D17 /* AppDelegate.swift */ = {isa = PBXFileReference; lastKnownFileType = sourcecode.swift; path = AppDelegate.swift; sourceTree = "<group>"; };
		994BA6EF26C718BD00DA7D17 /* SceneDelegate.swift */ = {isa = PBXFileReference; lastKnownFileType = sourcecode.swift; path = SceneDelegate.swift; sourceTree = "<group>"; };
		994BA6F126C718BD00DA7D17 /* NumbersListViewController.swift */ = {isa = PBXFileReference; lastKnownFileType = sourcecode.swift; path = NumbersListViewController.swift; sourceTree = "<group>"; };
		994BA6F626C718BE00DA7D17 /* Assets.xcassets */ = {isa = PBXFileReference; lastKnownFileType = folder.assetcatalog; path = Assets.xcassets; sourceTree = "<group>"; };
		994BA6F926C718BE00DA7D17 /* Base */ = {isa = PBXFileReference; lastKnownFileType = file.storyboard; name = Base; path = Base.lproj/LaunchScreen.storyboard; sourceTree = "<group>"; };
		994BA6FB26C718BE00DA7D17 /* Info.plist */ = {isa = PBXFileReference; lastKnownFileType = text.plist.xml; path = Info.plist; sourceTree = "<group>"; };
		994BA70026C718BE00DA7D17 /* TeladocHealthTestProjectTests.xctest */ = {isa = PBXFileReference; explicitFileType = wrapper.cfbundle; includeInIndex = 0; path = TeladocHealthTestProjectTests.xctest; sourceTree = BUILT_PRODUCTS_DIR; };
		994BA70426C718BE00DA7D17 /* TeladocHealthTestProjectTests.swift */ = {isa = PBXFileReference; lastKnownFileType = sourcecode.swift; path = TeladocHealthTestProjectTests.swift; sourceTree = "<group>"; };
		994BA70626C718BE00DA7D17 /* Info.plist */ = {isa = PBXFileReference; lastKnownFileType = text.plist.xml; path = Info.plist; sourceTree = "<group>"; };
		994BA70B26C718BE00DA7D17 /* TeladocHealthTestProjectUITests.xctest */ = {isa = PBXFileReference; explicitFileType = wrapper.cfbundle; includeInIndex = 0; path = TeladocHealthTestProjectUITests.xctest; sourceTree = BUILT_PRODUCTS_DIR; };
		994BA70F26C718BE00DA7D17 /* TeladocHealthTestProjectUITests.swift */ = {isa = PBXFileReference; lastKnownFileType = sourcecode.swift; path = TeladocHealthTestProjectUITests.swift; sourceTree = "<group>"; };
		994BA71126C718BE00DA7D17 /* Info.plist */ = {isa = PBXFileReference; lastKnownFileType = text.plist.xml; path = Info.plist; sourceTree = "<group>"; };
		994BA71E26C7195900DA7D17 /* AppCoordinator.swift */ = {isa = PBXFileReference; lastKnownFileType = sourcecode.swift; path = AppCoordinator.swift; sourceTree = "<group>"; };
		994BA72126C7197700DA7D17 /* Coordinator.swift */ = {isa = PBXFileReference; lastKnownFileType = sourcecode.swift; path = Coordinator.swift; sourceTree = "<group>"; };
		99AD1B4A26C97A08007A5DFF /* LoadingView.swift */ = {isa = PBXFileReference; lastKnownFileType = sourcecode.swift; path = LoadingView.swift; sourceTree = "<group>"; };
		99AD1B4C26C9B5B3007A5DFF /* ErrorPlaceholderView.swift */ = {isa = PBXFileReference; lastKnownFileType = sourcecode.swift; path = ErrorPlaceholderView.swift; sourceTree = "<group>"; };
		99AD1B4E26C9BCE1007A5DFF /* LoadingState.swift */ = {isa = PBXFileReference; lastKnownFileType = sourcecode.swift; path = LoadingState.swift; sourceTree = "<group>"; };
		99AD1B5126C9D4BD007A5DFF /* NetworkClient.swift */ = {isa = PBXFileReference; lastKnownFileType = sourcecode.swift; path = NetworkClient.swift; sourceTree = "<group>"; };
		99AFEEA026C8875E00472CA2 /* NumbersListModuleAssembly.swift */ = {isa = PBXFileReference; lastKnownFileType = sourcecode.swift; path = NumbersListModuleAssembly.swift; sourceTree = "<group>"; };
		99AFEEA226C8887300472CA2 /* Module.swift */ = {isa = PBXFileReference; lastKnownFileType = sourcecode.swift; path = Module.swift; sourceTree = "<group>"; };
		99D7CDAE26C94B3200A06DE6 /* NumbersListPresenter.swift */ = {isa = PBXFileReference; lastKnownFileType = sourcecode.swift; path = NumbersListPresenter.swift; sourceTree = "<group>"; };
		99D7CDB226C94D7000A06DE6 /* ModulesFactory.swift */ = {isa = PBXFileReference; lastKnownFileType = sourcecode.swift; path = ModulesFactory.swift; sourceTree = "<group>"; };
		99E16F4626D933C700BB5132 /* NumbersDetailViewController.swift */ = {isa = PBXFileReference; lastKnownFileType = sourcecode.swift; path = NumbersDetailViewController.swift; sourceTree = "<group>"; };
		99E16F4826D933F800BB5132 /* NumbersDetailPresenter.swift */ = {isa = PBXFileReference; lastKnownFileType = sourcecode.swift; path = NumbersDetailPresenter.swift; sourceTree = "<group>"; };
		99E16F4A26D93A0100BB5132 /* NumbersDetailItem.swift */ = {isa = PBXFileReference; lastKnownFileType = sourcecode.swift; path = NumbersDetailItem.swift; sourceTree = "<group>"; };
		99E16F4D26D941DD00BB5132 /* NumbersDetailModuleAssembly.swift */ = {isa = PBXFileReference; lastKnownFileType = sourcecode.swift; path = NumbersDetailModuleAssembly.swift; sourceTree = "<group>"; };
		99FC647226CC51B400F985EF /* NCConfiguration.swift */ = {isa = PBXFileReference; lastKnownFileType = sourcecode.swift; path = NCConfiguration.swift; sourceTree = "<group>"; };
		99FC647526CC5A1800F985EF /* NCHTTPMethod.swift */ = {isa = PBXFileReference; lastKnownFileType = sourcecode.swift; path = NCHTTPMethod.swift; sourceTree = "<group>"; };
		99FC647726CC5DAE00F985EF /* NCRequestTask.swift */ = {isa = PBXFileReference; lastKnownFileType = sourcecode.swift; path = NCRequestTask.swift; sourceTree = "<group>"; };
		99FC647C26CC6E5900F985EF /* NCRetrier.swift */ = {isa = PBXFileReference; lastKnownFileType = sourcecode.swift; path = NCRetrier.swift; sourceTree = "<group>"; };
		99FC647F26CC70C000F985EF /* NCHTTPResponse.swift */ = {isa = PBXFileReference; lastKnownFileType = sourcecode.swift; path = NCHTTPResponse.swift; sourceTree = "<group>"; };
		99FC648226CC7A8300F985EF /* NCRequestExecutor.swift */ = {isa = PBXFileReference; lastKnownFileType = sourcecode.swift; path = NCRequestExecutor.swift; sourceTree = "<group>"; };
		99FC648526CC948900F985EF /* NCRequestBuilder.swift */ = {isa = PBXFileReference; lastKnownFileType = sourcecode.swift; path = NCRequestBuilder.swift; sourceTree = "<group>"; };
		99FC648826CD3ACC00F985EF /* NCRequestConfiguration.swift */ = {isa = PBXFileReference; lastKnownFileType = sourcecode.swift; path = NCRequestConfiguration.swift; sourceTree = "<group>"; };
		99FC648C26CD535800F985EF /* NCResponseHandler.swift */ = {isa = PBXFileReference; lastKnownFileType = sourcecode.swift; path = NCResponseHandler.swift; sourceTree = "<group>"; };
		99FC648E26CD57AB00F985EF /* NCError.swift */ = {isa = PBXFileReference; lastKnownFileType = sourcecode.swift; path = NCError.swift; sourceTree = "<group>"; };
		99FC649026CDC9C000F985EF /* NCSessionDelegate.swift */ = {isa = PBXFileReference; lastKnownFileType = sourcecode.swift; path = NCSessionDelegate.swift; sourceTree = "<group>"; };
		99FC64CA26CF0E1A00F985EF /* NCState.swift */ = {isa = PBXFileReference; lastKnownFileType = sourcecode.swift; path = NCState.swift; sourceTree = "<group>"; };
		99FC64FD26D4520F00F985EF /* Encodable+Dictionary.swift */ = {isa = PBXFileReference; lastKnownFileType = sourcecode.swift; path = "Encodable+Dictionary.swift"; sourceTree = "<group>"; };
		99FC650E26D5C3F800F985EF /* ApiService.swift */ = {isa = PBXFileReference; lastKnownFileType = sourcecode.swift; path = ApiService.swift; sourceTree = "<group>"; };
		99FC651026D5DDC900F985EF /* AnyEncodable.swift */ = {isa = PBXFileReference; lastKnownFileType = sourcecode.swift; path = AnyEncodable.swift; sourceTree = "<group>"; };
		99FC651226D6EE7900F985EF /* NetworkClientAssembly.swift */ = {isa = PBXFileReference; lastKnownFileType = sourcecode.swift; path = NetworkClientAssembly.swift; sourceTree = "<group>"; };
		99FC651526D6EF7E00F985EF /* NumbersRequestSchema.swift */ = {isa = PBXFileReference; lastKnownFileType = sourcecode.swift; path = NumbersRequestSchema.swift; sourceTree = "<group>"; };
		99FC651726D6EF8B00F985EF /* NumbersResponseSchema.swift */ = {isa = PBXFileReference; lastKnownFileType = sourcecode.swift; path = NumbersResponseSchema.swift; sourceTree = "<group>"; };
		99FC651926D6F01400F985EF /* DefaultSchemas.swift */ = {isa = PBXFileReference; lastKnownFileType = sourcecode.swift; path = DefaultSchemas.swift; sourceTree = "<group>"; };
		99FC651B26D706AD00F985EF /* AppSettings.swift */ = {isa = PBXFileReference; lastKnownFileType = sourcecode.swift; path = AppSettings.swift; sourceTree = "<group>"; };
		99FC651D26D8778600F985EF /* NumberItem.swift */ = {isa = PBXFileReference; lastKnownFileType = sourcecode.swift; path = NumberItem.swift; sourceTree = "<group>"; };
/* End PBXFileReference section */

/* Begin PBXFrameworksBuildPhase section */
		994BA6E726C718BD00DA7D17 /* Frameworks */ = {
			isa = PBXFrameworksBuildPhase;
			buildActionMask = 2147483647;
			files = (
			);
			runOnlyForDeploymentPostprocessing = 0;
		};
		994BA6FD26C718BE00DA7D17 /* Frameworks */ = {
			isa = PBXFrameworksBuildPhase;
			buildActionMask = 2147483647;
			files = (
			);
			runOnlyForDeploymentPostprocessing = 0;
		};
		994BA70826C718BE00DA7D17 /* Frameworks */ = {
			isa = PBXFrameworksBuildPhase;
			buildActionMask = 2147483647;
			files = (
			);
			runOnlyForDeploymentPostprocessing = 0;
		};
/* End PBXFrameworksBuildPhase section */

/* Begin PBXGroup section */
		994BA6E126C718BD00DA7D17 = {
			isa = PBXGroup;
			children = (
				994BA6EC26C718BD00DA7D17 /* TeladocHealthTestProject */,
				994BA70326C718BE00DA7D17 /* TeladocHealthTestProjectTests */,
				994BA70E26C718BE00DA7D17 /* TeladocHealthTestProjectUITests */,
				994BA6EB26C718BD00DA7D17 /* Products */,
			);
			sourceTree = "<group>";
		};
		994BA6EB26C718BD00DA7D17 /* Products */ = {
			isa = PBXGroup;
			children = (
				994BA6EA26C718BD00DA7D17 /* TeladocHealthTestProject.app */,
				994BA70026C718BE00DA7D17 /* TeladocHealthTestProjectTests.xctest */,
				994BA70B26C718BE00DA7D17 /* TeladocHealthTestProjectUITests.xctest */,
			);
			name = Products;
			sourceTree = "<group>";
		};
		994BA6EC26C718BD00DA7D17 /* TeladocHealthTestProject */ = {
			isa = PBXGroup;
			children = (
				99FC650D26D5C3E800F985EF /* Services */,
				99FC64FC26D451FB00F985EF /* Utils */,
				99AD1B5026C9D489007A5DFF /* NetworkClient */,
				99AD1B4926C979DD007A5DFF /* Components */,
				99D7CDB026C94D4100A06DE6 /* Factory */,
				994BA72326C71FA400DA7D17 /* Modules */,
				994BA72026C7196A00DA7D17 /* Coordinator */,
				994BA71D26C7192900DA7D17 /* AppCoordinator */,
				994BA6F626C718BE00DA7D17 /* Assets.xcassets */,
				994BA6F826C718BE00DA7D17 /* LaunchScreen.storyboard */,
				994BA6FB26C718BE00DA7D17 /* Info.plist */,
			);
			path = TeladocHealthTestProject;
			sourceTree = "<group>";
		};
		994BA70326C718BE00DA7D17 /* TeladocHealthTestProjectTests */ = {
			isa = PBXGroup;
			children = (
				994BA70426C718BE00DA7D17 /* TeladocHealthTestProjectTests.swift */,
				994BA70626C718BE00DA7D17 /* Info.plist */,
			);
			path = TeladocHealthTestProjectTests;
			sourceTree = "<group>";
		};
		994BA70E26C718BE00DA7D17 /* TeladocHealthTestProjectUITests */ = {
			isa = PBXGroup;
			children = (
				994BA70F26C718BE00DA7D17 /* TeladocHealthTestProjectUITests.swift */,
				994BA71126C718BE00DA7D17 /* Info.plist */,
			);
			path = TeladocHealthTestProjectUITests;
			sourceTree = "<group>";
		};
		994BA71D26C7192900DA7D17 /* AppCoordinator */ = {
			isa = PBXGroup;
			children = (
				994BA6ED26C718BD00DA7D17 /* AppDelegate.swift */,
				994BA6EF26C718BD00DA7D17 /* SceneDelegate.swift */,
				994BA71E26C7195900DA7D17 /* AppCoordinator.swift */,
			);
			path = AppCoordinator;
			sourceTree = "<group>";
		};
		994BA72026C7196A00DA7D17 /* Coordinator */ = {
			isa = PBXGroup;
			children = (
				994BA72126C7197700DA7D17 /* Coordinator.swift */,
				99AFEEA226C8887300472CA2 /* Module.swift */,
			);
			path = Coordinator;
			sourceTree = "<group>";
		};
		994BA72326C71FA400DA7D17 /* Modules */ = {
			isa = PBXGroup;
			children = (
				994BA72526C7202300DA7D17 /* NumbersDetailsModule */,
				994BA72426C71FAB00DA7D17 /* NumbersListModule */,
			);
			path = Modules;
			sourceTree = "<group>";
		};
		994BA72426C71FAB00DA7D17 /* NumbersListModule */ = {
			isa = PBXGroup;
			children = (
				99AFEE9F26C8874900472CA2 /* Assembly */,
				994BA72826C7205900DA7D17 /* Models */,
				994BA72726C7205200DA7D17 /* Presenter */,
				994BA72626C7204C00DA7D17 /* View */,
			);
			path = NumbersListModule;
			sourceTree = "<group>";
		};
		994BA72526C7202300DA7D17 /* NumbersDetailsModule */ = {
			isa = PBXGroup;
			children = (
				99E16F4C26D941C700BB5132 /* Assembly */,
				99D7CDAD26C9101C00A06DE6 /* Models */,
				99D7CDAC26C9100F00A06DE6 /* Presenter */,
				99D7CDAB26C9100800A06DE6 /* View */,
			);
			path = NumbersDetailsModule;
			sourceTree = "<group>";
		};
		994BA72626C7204C00DA7D17 /* View */ = {
			isa = PBXGroup;
			children = (
				994BA6F126C718BD00DA7D17 /* NumbersListViewController.swift */,
			);
			path = View;
			sourceTree = "<group>";
		};
		994BA72726C7205200DA7D17 /* Presenter */ = {
			isa = PBXGroup;
			children = (
				99D7CDAE26C94B3200A06DE6 /* NumbersListPresenter.swift */,
			);
			path = Presenter;
			sourceTree = "<group>";
		};
		994BA72826C7205900DA7D17 /* Models */ = {
			isa = PBXGroup;
			children = (
				99AD1B4E26C9BCE1007A5DFF /* LoadingState.swift */,
				99FC651D26D8778600F985EF /* NumberItem.swift */,
			);
			path = Models;
			sourceTree = "<group>";
		};
		99AD1B4926C979DD007A5DFF /* Components */ = {
			isa = PBXGroup;
			children = (
				99AD1B4A26C97A08007A5DFF /* LoadingView.swift */,
				99AD1B4C26C9B5B3007A5DFF /* ErrorPlaceholderView.swift */,
			);
			path = Components;
			sourceTree = "<group>";
		};
		99AD1B5026C9D489007A5DFF /* NetworkClient */ = {
			isa = PBXGroup;
			children = (
				99FC64C926CF0E0D00F985EF /* State */,
				99FC648A26CD533A00F985EF /* Error */,
				99FC648726CD3AB100F985EF /* Request */,
				99FC648426CC947A00F985EF /* RequestBuilder */,
				99FC648126CC7A6800F985EF /* RequestExecutor */,
				99FC647E26CC70AD00F985EF /* Response */,
				99FC647B26CC6BCF00F985EF /* Retrier */,
				99AD1B5126C9D4BD007A5DFF /* NetworkClient.swift */,
				99FC647226CC51B400F985EF /* NCConfiguration.swift */,
				99FC651226D6EE7900F985EF /* NetworkClientAssembly.swift */,
			);
			path = NetworkClient;
			sourceTree = "<group>";
		};
		99AFEE9F26C8874900472CA2 /* Assembly */ = {
			isa = PBXGroup;
			children = (
				99AFEEA026C8875E00472CA2 /* NumbersListModuleAssembly.swift */,
			);
			path = Assembly;
			sourceTree = "<group>";
		};
		99D7CDAB26C9100800A06DE6 /* View */ = {
			isa = PBXGroup;
			children = (
				99E16F4626D933C700BB5132 /* NumbersDetailViewController.swift */,
			);
			path = View;
			sourceTree = "<group>";
		};
		99D7CDAC26C9100F00A06DE6 /* Presenter */ = {
			isa = PBXGroup;
			children = (
				99E16F4826D933F800BB5132 /* NumbersDetailPresenter.swift */,
			);
			path = Presenter;
			sourceTree = "<group>";
		};
		99D7CDAD26C9101C00A06DE6 /* Models */ = {
			isa = PBXGroup;
			children = (
				99E16F4A26D93A0100BB5132 /* NumbersDetailItem.swift */,
			);
			path = Models;
			sourceTree = "<group>";
		};
		99D7CDB026C94D4100A06DE6 /* Factory */ = {
			isa = PBXGroup;
			children = (
				99D7CDB226C94D7000A06DE6 /* ModulesFactory.swift */,
			);
			path = Factory;
			sourceTree = "<group>";
		};
		99E16F4C26D941C700BB5132 /* Assembly */ = {
			isa = PBXGroup;
			children = (
				99E16F4D26D941DD00BB5132 /* NumbersDetailModuleAssembly.swift */,
			);
			path = Assembly;
			sourceTree = "<group>";
		};
		99FC647B26CC6BCF00F985EF /* Retrier */ = {
			isa = PBXGroup;
			children = (
				99FC647C26CC6E5900F985EF /* NCRetrier.swift */,
			);
			path = Retrier;
			sourceTree = "<group>";
		};
		99FC647E26CC70AD00F985EF /* Response */ = {
			isa = PBXGroup;
			children = (
				99FC647F26CC70C000F985EF /* NCHTTPResponse.swift */,
				99FC648C26CD535800F985EF /* NCResponseHandler.swift */,
			);
			path = Response;
			sourceTree = "<group>";
		};
		99FC648126CC7A6800F985EF /* RequestExecutor */ = {
			isa = PBXGroup;
			children = (
				99FC648226CC7A8300F985EF /* NCRequestExecutor.swift */,
				99FC649026CDC9C000F985EF /* NCSessionDelegate.swift */,
			);
			path = RequestExecutor;
			sourceTree = "<group>";
		};
		99FC648426CC947A00F985EF /* RequestBuilder */ = {
			isa = PBXGroup;
			children = (
				99FC648526CC948900F985EF /* NCRequestBuilder.swift */,
			);
			path = RequestBuilder;
			sourceTree = "<group>";
		};
		99FC648726CD3AB100F985EF /* Request */ = {
			isa = PBXGroup;
			children = (
				99FC647726CC5DAE00F985EF /* NCRequestTask.swift */,
				99FC647526CC5A1800F985EF /* NCHTTPMethod.swift */,
				99FC648826CD3ACC00F985EF /* NCRequestConfiguration.swift */,
			);
			path = Request;
			sourceTree = "<group>";
		};
		99FC648A26CD533A00F985EF /* Error */ = {
			isa = PBXGroup;
			children = (
				99FC648E26CD57AB00F985EF /* NCError.swift */,
			);
			path = Error;
			sourceTree = "<group>";
		};
		99FC64C926CF0E0D00F985EF /* State */ = {
			isa = PBXGroup;
			children = (
				99FC64CA26CF0E1A00F985EF /* NCState.swift */,
			);
			path = State;
			sourceTree = "<group>";
		};
		99FC64FC26D451FB00F985EF /* Utils */ = {
			isa = PBXGroup;
			children = (
				99FC64FD26D4520F00F985EF /* Encodable+Dictionary.swift */,
				99FC651026D5DDC900F985EF /* AnyEncodable.swift */,
				99FC651B26D706AD00F985EF /* AppSettings.swift */,
			);
			path = Utils;
			sourceTree = "<group>";
		};
		99FC650D26D5C3E800F985EF /* Services */ = {
			isa = PBXGroup;
			children = (
				99FC651426D6EF6300F985EF /* Schemas */,
				99FC650E26D5C3F800F985EF /* ApiService.swift */,
			);
			path = Services;
			sourceTree = "<group>";
		};
		99FC651426D6EF6300F985EF /* Schemas */ = {
			isa = PBXGroup;
			children = (
				99FC651526D6EF7E00F985EF /* NumbersRequestSchema.swift */,
				99FC651726D6EF8B00F985EF /* NumbersResponseSchema.swift */,
				99FC651926D6F01400F985EF /* DefaultSchemas.swift */,
			);
			path = Schemas;
			sourceTree = "<group>";
		};
/* End PBXGroup section */

/* Begin PBXNativeTarget section */
		994BA6E926C718BD00DA7D17 /* TeladocHealthTestProject */ = {
			isa = PBXNativeTarget;
			buildConfigurationList = 994BA71426C718BE00DA7D17 /* Build configuration list for PBXNativeTarget "TeladocHealthTestProject" */;
			buildPhases = (
				994BA6E626C718BD00DA7D17 /* Sources */,
				994BA6E726C718BD00DA7D17 /* Frameworks */,
				994BA6E826C718BD00DA7D17 /* Resources */,
			);
			buildRules = (
			);
			dependencies = (
			);
			name = TeladocHealthTestProject;
			productName = TeladocHealthTestProject;
			productReference = 994BA6EA26C718BD00DA7D17 /* TeladocHealthTestProject.app */;
			productType = "com.apple.product-type.application";
		};
		994BA6FF26C718BE00DA7D17 /* TeladocHealthTestProjectTests */ = {
			isa = PBXNativeTarget;
			buildConfigurationList = 994BA71726C718BE00DA7D17 /* Build configuration list for PBXNativeTarget "TeladocHealthTestProjectTests" */;
			buildPhases = (
				994BA6FC26C718BE00DA7D17 /* Sources */,
				994BA6FD26C718BE00DA7D17 /* Frameworks */,
				994BA6FE26C718BE00DA7D17 /* Resources */,
			);
			buildRules = (
			);
			dependencies = (
				994BA70226C718BE00DA7D17 /* PBXTargetDependency */,
			);
			name = TeladocHealthTestProjectTests;
			productName = TeladocHealthTestProjectTests;
			productReference = 994BA70026C718BE00DA7D17 /* TeladocHealthTestProjectTests.xctest */;
			productType = "com.apple.product-type.bundle.unit-test";
		};
		994BA70A26C718BE00DA7D17 /* TeladocHealthTestProjectUITests */ = {
			isa = PBXNativeTarget;
			buildConfigurationList = 994BA71A26C718BE00DA7D17 /* Build configuration list for PBXNativeTarget "TeladocHealthTestProjectUITests" */;
			buildPhases = (
				994BA70726C718BE00DA7D17 /* Sources */,
				994BA70826C718BE00DA7D17 /* Frameworks */,
				994BA70926C718BE00DA7D17 /* Resources */,
			);
			buildRules = (
			);
			dependencies = (
				994BA70D26C718BE00DA7D17 /* PBXTargetDependency */,
			);
			name = TeladocHealthTestProjectUITests;
			productName = TeladocHealthTestProjectUITests;
			productReference = 994BA70B26C718BE00DA7D17 /* TeladocHealthTestProjectUITests.xctest */;
			productType = "com.apple.product-type.bundle.ui-testing";
		};
/* End PBXNativeTarget section */

/* Begin PBXProject section */
		994BA6E226C718BD00DA7D17 /* Project object */ = {
			isa = PBXProject;
			attributes = {
				LastSwiftUpdateCheck = 1250;
				LastUpgradeCheck = 1250;
				TargetAttributes = {
					994BA6E926C718BD00DA7D17 = {
						CreatedOnToolsVersion = 12.5.1;
						LastSwiftMigration = 1250;
					};
					994BA6FF26C718BE00DA7D17 = {
						CreatedOnToolsVersion = 12.5.1;
						TestTargetID = 994BA6E926C718BD00DA7D17;
					};
					994BA70A26C718BE00DA7D17 = {
						CreatedOnToolsVersion = 12.5.1;
						TestTargetID = 994BA6E926C718BD00DA7D17;
					};
				};
			};
			buildConfigurationList = 994BA6E526C718BD00DA7D17 /* Build configuration list for PBXProject "TeladocHealthTestProject" */;
			compatibilityVersion = "Xcode 9.3";
			developmentRegion = en;
			hasScannedForEncodings = 0;
			knownRegions = (
				en,
				Base,
			);
			mainGroup = 994BA6E126C718BD00DA7D17;
			productRefGroup = 994BA6EB26C718BD00DA7D17 /* Products */;
			projectDirPath = "";
			projectRoot = "";
			targets = (
				994BA6E926C718BD00DA7D17 /* TeladocHealthTestProject */,
				994BA6FF26C718BE00DA7D17 /* TeladocHealthTestProjectTests */,
				994BA70A26C718BE00DA7D17 /* TeladocHealthTestProjectUITests */,
			);
		};
/* End PBXProject section */

/* Begin PBXResourcesBuildPhase section */
		994BA6E826C718BD00DA7D17 /* Resources */ = {
			isa = PBXResourcesBuildPhase;
			buildActionMask = 2147483647;
			files = (
				994BA6FA26C718BE00DA7D17 /* LaunchScreen.storyboard in Resources */,
				994BA6F726C718BE00DA7D17 /* Assets.xcassets in Resources */,
			);
			runOnlyForDeploymentPostprocessing = 0;
		};
		994BA6FE26C718BE00DA7D17 /* Resources */ = {
			isa = PBXResourcesBuildPhase;
			buildActionMask = 2147483647;
			files = (
			);
			runOnlyForDeploymentPostprocessing = 0;
		};
		994BA70926C718BE00DA7D17 /* Resources */ = {
			isa = PBXResourcesBuildPhase;
			buildActionMask = 2147483647;
			files = (
			);
			runOnlyForDeploymentPostprocessing = 0;
		};
/* End PBXResourcesBuildPhase section */

/* Begin PBXSourcesBuildPhase section */
		994BA6E626C718BD00DA7D17 /* Sources */ = {
			isa = PBXSourcesBuildPhase;
			buildActionMask = 2147483647;
			files = (
				99AD1B4F26C9BCE1007A5DFF /* LoadingState.swift in Sources */,
				99E16F4726D933C700BB5132 /* NumbersDetailViewController.swift in Sources */,
				99AFEEA126C8875E00472CA2 /* NumbersListModuleAssembly.swift in Sources */,
				99FC649126CDC9C000F985EF /* NCSessionDelegate.swift in Sources */,
				994BA71F26C7195900DA7D17 /* AppCoordinator.swift in Sources */,
				994BA6F226C718BD00DA7D17 /* NumbersListViewController.swift in Sources */,
				99FC647826CC5DAE00F985EF /* NCRequestTask.swift in Sources */,
				99AD1B4B26C97A08007A5DFF /* LoadingView.swift in Sources */,
				99FC651326D6EE7900F985EF /* NetworkClientAssembly.swift in Sources */,
				994BA72226C7197700DA7D17 /* Coordinator.swift in Sources */,
				99AFEEA326C8887300472CA2 /* Module.swift in Sources */,
				99FC651626D6EF7E00F985EF /* NumbersRequestSchema.swift in Sources */,
				99FC651826D6EF8B00F985EF /* NumbersResponseSchema.swift in Sources */,
				99FC650F26D5C3F800F985EF /* ApiService.swift in Sources */,
				99E16F4926D933F800BB5132 /* NumbersDetailPresenter.swift in Sources */,
				99FC648F26CD57AB00F985EF /* NCError.swift in Sources */,
				99D7CDAF26C94B3200A06DE6 /* NumbersListPresenter.swift in Sources */,
				99AD1B5226C9D4BD007A5DFF /* NetworkClient.swift in Sources */,
				99FC648326CC7A8300F985EF /* NCRequestExecutor.swift in Sources */,
				99FC651126D5DDC900F985EF /* AnyEncodable.swift in Sources */,
				99FC647326CC51B400F985EF /* NCConfiguration.swift in Sources */,
				99FC651E26D8778600F985EF /* NumberItem.swift in Sources */,
				99FC647D26CC6E5900F985EF /* NCRetrier.swift in Sources */,
				99E16F4B26D93A0100BB5132 /* NumbersDetailItem.swift in Sources */,
				99FC648D26CD535800F985EF /* NCResponseHandler.swift in Sources */,
				994BA6EE26C718BD00DA7D17 /* AppDelegate.swift in Sources */,
				99FC64FE26D4520F00F985EF /* Encodable+Dictionary.swift in Sources */,
				99FC647626CC5A1800F985EF /* NCHTTPMethod.swift in Sources */,
				99FC64CB26CF0E1A00F985EF /* NCState.swift in Sources */,
				99FC648926CD3ACC00F985EF /* NCRequestConfiguration.swift in Sources */,
				99FC648026CC70C000F985EF /* NCHTTPResponse.swift in Sources */,
				99E16F4E26D941DD00BB5132 /* NumbersDetailModuleAssembly.swift in Sources */,
				99FC651A26D6F01400F985EF /* DefaultSchemas.swift in Sources */,
				99D7CDB326C94D7000A06DE6 /* ModulesFactory.swift in Sources */,
				99FC651C26D706AD00F985EF /* AppSettings.swift in Sources */,
				99AD1B4D26C9B5B3007A5DFF /* ErrorPlaceholderView.swift in Sources */,
				99FC648626CC948900F985EF /* NCRequestBuilder.swift in Sources */,
				994BA6F026C718BD00DA7D17 /* SceneDelegate.swift in Sources */,
			);
			runOnlyForDeploymentPostprocessing = 0;
		};
		994BA6FC26C718BE00DA7D17 /* Sources */ = {
			isa = PBXSourcesBuildPhase;
			buildActionMask = 2147483647;
			files = (
				994BA70526C718BE00DA7D17 /* TeladocHealthTestProjectTests.swift in Sources */,
			);
			runOnlyForDeploymentPostprocessing = 0;
		};
		994BA70726C718BE00DA7D17 /* Sources */ = {
			isa = PBXSourcesBuildPhase;
			buildActionMask = 2147483647;
			files = (
				994BA71026C718BE00DA7D17 /* TeladocHealthTestProjectUITests.swift in Sources */,
			);
			runOnlyForDeploymentPostprocessing = 0;
		};
/* End PBXSourcesBuildPhase section */

/* Begin PBXTargetDependency section */
		994BA70226C718BE00DA7D17 /* PBXTargetDependency */ = {
			isa = PBXTargetDependency;
			target = 994BA6E926C718BD00DA7D17 /* TeladocHealthTestProject */;
			targetProxy = 994BA70126C718BE00DA7D17 /* PBXContainerItemProxy */;
		};
		994BA70D26C718BE00DA7D17 /* PBXTargetDependency */ = {
			isa = PBXTargetDependency;
			target = 994BA6E926C718BD00DA7D17 /* TeladocHealthTestProject */;
			targetProxy = 994BA70C26C718BE00DA7D17 /* PBXContainerItemProxy */;
		};
/* End PBXTargetDependency section */

/* Begin PBXVariantGroup section */
		994BA6F826C718BE00DA7D17 /* LaunchScreen.storyboard */ = {
			isa = PBXVariantGroup;
			children = (
				994BA6F926C718BE00DA7D17 /* Base */,
			);
			name = LaunchScreen.storyboard;
			sourceTree = "<group>";
		};
/* End PBXVariantGroup section */

/* Begin XCBuildConfiguration section */
		994BA71226C718BE00DA7D17 /* Debug */ = {
			isa = XCBuildConfiguration;
			buildSettings = {
				ALWAYS_SEARCH_USER_PATHS = NO;
				CLANG_ANALYZER_NONNULL = YES;
				CLANG_ANALYZER_NUMBER_OBJECT_CONVERSION = YES_AGGRESSIVE;
				CLANG_CXX_LANGUAGE_STANDARD = "gnu++14";
				CLANG_CXX_LIBRARY = "libc++";
				CLANG_ENABLE_MODULES = YES;
				CLANG_ENABLE_OBJC_ARC = YES;
				CLANG_ENABLE_OBJC_WEAK = YES;
				CLANG_WARN_BLOCK_CAPTURE_AUTORELEASING = YES;
				CLANG_WARN_BOOL_CONVERSION = YES;
				CLANG_WARN_COMMA = YES;
				CLANG_WARN_CONSTANT_CONVERSION = YES;
				CLANG_WARN_DEPRECATED_OBJC_IMPLEMENTATIONS = YES;
				CLANG_WARN_DIRECT_OBJC_ISA_USAGE = YES_ERROR;
				CLANG_WARN_DOCUMENTATION_COMMENTS = YES;
				CLANG_WARN_EMPTY_BODY = YES;
				CLANG_WARN_ENUM_CONVERSION = YES;
				CLANG_WARN_INFINITE_RECURSION = YES;
				CLANG_WARN_INT_CONVERSION = YES;
				CLANG_WARN_NON_LITERAL_NULL_CONVERSION = YES;
				CLANG_WARN_OBJC_IMPLICIT_RETAIN_SELF = YES;
				CLANG_WARN_OBJC_LITERAL_CONVERSION = YES;
				CLANG_WARN_OBJC_ROOT_CLASS = YES_ERROR;
				CLANG_WARN_QUOTED_INCLUDE_IN_FRAMEWORK_HEADER = YES;
				CLANG_WARN_RANGE_LOOP_ANALYSIS = YES;
				CLANG_WARN_STRICT_PROTOTYPES = YES;
				CLANG_WARN_SUSPICIOUS_MOVE = YES;
				CLANG_WARN_UNGUARDED_AVAILABILITY = YES_AGGRESSIVE;
				CLANG_WARN_UNREACHABLE_CODE = YES;
				CLANG_WARN__DUPLICATE_METHOD_MATCH = YES;
				COPY_PHASE_STRIP = NO;
				DEBUG_INFORMATION_FORMAT = dwarf;
				ENABLE_STRICT_OBJC_MSGSEND = YES;
				ENABLE_TESTABILITY = YES;
				GCC_C_LANGUAGE_STANDARD = gnu11;
				GCC_DYNAMIC_NO_PIC = NO;
				GCC_NO_COMMON_BLOCKS = YES;
				GCC_OPTIMIZATION_LEVEL = 0;
				GCC_PREPROCESSOR_DEFINITIONS = (
					"DEBUG=1",
					"$(inherited)",
				);
				GCC_WARN_64_TO_32_BIT_CONVERSION = YES;
				GCC_WARN_ABOUT_RETURN_TYPE = YES_ERROR;
				GCC_WARN_UNDECLARED_SELECTOR = YES;
				GCC_WARN_UNINITIALIZED_AUTOS = YES_AGGRESSIVE;
				GCC_WARN_UNUSED_FUNCTION = YES;
				GCC_WARN_UNUSED_VARIABLE = YES;
				IPHONEOS_DEPLOYMENT_TARGET = 14.5;
				MTL_ENABLE_DEBUG_INFO = INCLUDE_SOURCE;
				MTL_FAST_MATH = YES;
				ONLY_ACTIVE_ARCH = YES;
				SDKROOT = iphoneos;
				SWIFT_ACTIVE_COMPILATION_CONDITIONS = DEBUG;
				SWIFT_OPTIMIZATION_LEVEL = "-Onone";
			};
			name = Debug;
		};
		994BA71326C718BE00DA7D17 /* Release */ = {
			isa = XCBuildConfiguration;
			buildSettings = {
				ALWAYS_SEARCH_USER_PATHS = NO;
				CLANG_ANALYZER_NONNULL = YES;
				CLANG_ANALYZER_NUMBER_OBJECT_CONVERSION = YES_AGGRESSIVE;
				CLANG_CXX_LANGUAGE_STANDARD = "gnu++14";
				CLANG_CXX_LIBRARY = "libc++";
				CLANG_ENABLE_MODULES = YES;
				CLANG_ENABLE_OBJC_ARC = YES;
				CLANG_ENABLE_OBJC_WEAK = YES;
				CLANG_WARN_BLOCK_CAPTURE_AUTORELEASING = YES;
				CLANG_WARN_BOOL_CONVERSION = YES;
				CLANG_WARN_COMMA = YES;
				CLANG_WARN_CONSTANT_CONVERSION = YES;
				CLANG_WARN_DEPRECATED_OBJC_IMPLEMENTATIONS = YES;
				CLANG_WARN_DIRECT_OBJC_ISA_USAGE = YES_ERROR;
				CLANG_WARN_DOCUMENTATION_COMMENTS = YES;
				CLANG_WARN_EMPTY_BODY = YES;
				CLANG_WARN_ENUM_CONVERSION = YES;
				CLANG_WARN_INFINITE_RECURSION = YES;
				CLANG_WARN_INT_CONVERSION = YES;
				CLANG_WARN_NON_LITERAL_NULL_CONVERSION = YES;
				CLANG_WARN_OBJC_IMPLICIT_RETAIN_SELF = YES;
				CLANG_WARN_OBJC_LITERAL_CONVERSION = YES;
				CLANG_WARN_OBJC_ROOT_CLASS = YES_ERROR;
				CLANG_WARN_QUOTED_INCLUDE_IN_FRAMEWORK_HEADER = YES;
				CLANG_WARN_RANGE_LOOP_ANALYSIS = YES;
				CLANG_WARN_STRICT_PROTOTYPES = YES;
				CLANG_WARN_SUSPICIOUS_MOVE = YES;
				CLANG_WARN_UNGUARDED_AVAILABILITY = YES_AGGRESSIVE;
				CLANG_WARN_UNREACHABLE_CODE = YES;
				CLANG_WARN__DUPLICATE_METHOD_MATCH = YES;
				COPY_PHASE_STRIP = NO;
				DEBUG_INFORMATION_FORMAT = "dwarf-with-dsym";
				ENABLE_NS_ASSERTIONS = NO;
				ENABLE_STRICT_OBJC_MSGSEND = YES;
				GCC_C_LANGUAGE_STANDARD = gnu11;
				GCC_NO_COMMON_BLOCKS = YES;
				GCC_WARN_64_TO_32_BIT_CONVERSION = YES;
				GCC_WARN_ABOUT_RETURN_TYPE = YES_ERROR;
				GCC_WARN_UNDECLARED_SELECTOR = YES;
				GCC_WARN_UNINITIALIZED_AUTOS = YES_AGGRESSIVE;
				GCC_WARN_UNUSED_FUNCTION = YES;
				GCC_WARN_UNUSED_VARIABLE = YES;
				IPHONEOS_DEPLOYMENT_TARGET = 14.5;
				MTL_ENABLE_DEBUG_INFO = NO;
				MTL_FAST_MATH = YES;
				SDKROOT = iphoneos;
				SWIFT_COMPILATION_MODE = wholemodule;
				SWIFT_OPTIMIZATION_LEVEL = "-O";
				VALIDATE_PRODUCT = YES;
			};
			name = Release;
		};
		994BA71526C718BE00DA7D17 /* Debug */ = {
			isa = XCBuildConfiguration;
			buildSettings = {
				ASSETCATALOG_COMPILER_APPICON_NAME = AppIcon;
				ASSETCATALOG_COMPILER_GLOBAL_ACCENT_COLOR_NAME = AccentColor;
				CLANG_ENABLE_MODULES = YES;
				CODE_SIGN_STYLE = Automatic;
				DEVELOPMENT_TEAM = RSZ2KMU38Z;
				INFOPLIST_FILE = TeladocHealthTestProject/Info.plist;
				LD_RUNPATH_SEARCH_PATHS = (
					"$(inherited)",
					"@executable_path/Frameworks",
				);
				PRODUCT_BUNDLE_IDENTIFIER = example.TeladocHealthTestProject;
				PRODUCT_NAME = "$(TARGET_NAME)";
				SWIFT_OBJC_BRIDGING_HEADER = "";
				SWIFT_OPTIMIZATION_LEVEL = "-Onone";
				SWIFT_VERSION = 5.0;
				TARGETED_DEVICE_FAMILY = "1,2";
			};
			name = Debug;
		};
		994BA71626C718BE00DA7D17 /* Release */ = {
			isa = XCBuildConfiguration;
			buildSettings = {
				ASSETCATALOG_COMPILER_APPICON_NAME = AppIcon;
				ASSETCATALOG_COMPILER_GLOBAL_ACCENT_COLOR_NAME = AccentColor;
				CLANG_ENABLE_MODULES = YES;
				CODE_SIGN_STYLE = Automatic;
				DEVELOPMENT_TEAM = RSZ2KMU38Z;
				INFOPLIST_FILE = TeladocHealthTestProject/Info.plist;
				LD_RUNPATH_SEARCH_PATHS = (
					"$(inherited)",
					"@executable_path/Frameworks",
				);
				PRODUCT_BUNDLE_IDENTIFIER = example.TeladocHealthTestProject;
				PRODUCT_NAME = "$(TARGET_NAME)";
				SWIFT_OBJC_BRIDGING_HEADER = "";
				SWIFT_VERSION = 5.0;
				TARGETED_DEVICE_FAMILY = "1,2";
			};
			name = Release;
		};
		994BA71826C718BE00DA7D17 /* Debug */ = {
			isa = XCBuildConfiguration;
			buildSettings = {
				ALWAYS_EMBED_SWIFT_STANDARD_LIBRARIES = YES;
				BUNDLE_LOADER = "$(TEST_HOST)";
				CODE_SIGN_STYLE = Automatic;
				DEVELOPMENT_TEAM = RSZ2KMU38Z;
				INFOPLIST_FILE = TeladocHealthTestProjectTests/Info.plist;
				IPHONEOS_DEPLOYMENT_TARGET = 14.5;
				LD_RUNPATH_SEARCH_PATHS = (
					"$(inherited)",
					"@executable_path/Frameworks",
					"@loader_path/Frameworks",
				);
				PRODUCT_BUNDLE_IDENTIFIER = example.TeladocHealthTestProjectTests;
				PRODUCT_NAME = "$(TARGET_NAME)";
				SWIFT_VERSION = 5.0;
				TARGETED_DEVICE_FAMILY = "1,2";
				TEST_HOST = "$(BUILT_PRODUCTS_DIR)/TeladocHealthTestProject.app/TeladocHealthTestProject";
			};
			name = Debug;
		};
		994BA71926C718BE00DA7D17 /* Release */ = {
			isa = XCBuildConfiguration;
			buildSettings = {
				ALWAYS_EMBED_SWIFT_STANDARD_LIBRARIES = YES;
				BUNDLE_LOADER = "$(TEST_HOST)";
				CODE_SIGN_STYLE = Automatic;
				DEVELOPMENT_TEAM = RSZ2KMU38Z;
				INFOPLIST_FILE = TeladocHealthTestProjectTests/Info.plist;
				IPHONEOS_DEPLOYMENT_TARGET = 14.5;
				LD_RUNPATH_SEARCH_PATHS = (
					"$(inherited)",
					"@executable_path/Frameworks",
					"@loader_path/Frameworks",
				);
				PRODUCT_BUNDLE_IDENTIFIER = example.TeladocHealthTestProjectTests;
				PRODUCT_NAME = "$(TARGET_NAME)";
				SWIFT_VERSION = 5.0;
				TARGETED_DEVICE_FAMILY = "1,2";
				TEST_HOST = "$(BUILT_PRODUCTS_DIR)/TeladocHealthTestProject.app/TeladocHealthTestProject";
			};
			name = Release;
		};
		994BA71B26C718BE00DA7D17 /* Debug */ = {
			isa = XCBuildConfiguration;
			buildSettings = {
				ALWAYS_EMBED_SWIFT_STANDARD_LIBRARIES = YES;
				CODE_SIGN_STYLE = Automatic;
				DEVELOPMENT_TEAM = RSZ2KMU38Z;
				INFOPLIST_FILE = TeladocHealthTestProjectUITests/Info.plist;
				LD_RUNPATH_SEARCH_PATHS = (
					"$(inherited)",
					"@executable_path/Frameworks",
					"@loader_path/Frameworks",
				);
				PRODUCT_BUNDLE_IDENTIFIER = example.TeladocHealthTestProjectUITests;
				PRODUCT_NAME = "$(TARGET_NAME)";
				SWIFT_VERSION = 5.0;
				TARGETED_DEVICE_FAMILY = "1,2";
				TEST_TARGET_NAME = TeladocHealthTestProject;
			};
			name = Debug;
		};
		994BA71C26C718BE00DA7D17 /* Release */ = {
			isa = XCBuildConfiguration;
			buildSettings = {
				ALWAYS_EMBED_SWIFT_STANDARD_LIBRARIES = YES;
				CODE_SIGN_STYLE = Automatic;
				DEVELOPMENT_TEAM = RSZ2KMU38Z;
				INFOPLIST_FILE = TeladocHealthTestProjectUITests/Info.plist;
				LD_RUNPATH_SEARCH_PATHS = (
					"$(inherited)",
					"@executable_path/Frameworks",
					"@loader_path/Frameworks",
				);
				PRODUCT_BUNDLE_IDENTIFIER = example.TeladocHealthTestProjectUITests;
				PRODUCT_NAME = "$(TARGET_NAME)";
				SWIFT_VERSION = 5.0;
				TARGETED_DEVICE_FAMILY = "1,2";
				TEST_TARGET_NAME = TeladocHealthTestProject;
			};
			name = Release;
		};
/* End XCBuildConfiguration section */

/* Begin XCConfigurationList section */
		994BA6E526C718BD00DA7D17 /* Build configuration list for PBXProject "TeladocHealthTestProject" */ = {
			isa = XCConfigurationList;
			buildConfigurations = (
				994BA71226C718BE00DA7D17 /* Debug */,
				994BA71326C718BE00DA7D17 /* Release */,
			);
			defaultConfigurationIsVisible = 0;
			defaultConfigurationName = Release;
		};
		994BA71426C718BE00DA7D17 /* Build configuration list for PBXNativeTarget "TeladocHealthTestProject" */ = {
			isa = XCConfigurationList;
			buildConfigurations = (
				994BA71526C718BE00DA7D17 /* Debug */,
				994BA71626C718BE00DA7D17 /* Release */,
			);
			defaultConfigurationIsVisible = 0;
			defaultConfigurationName = Release;
		};
		994BA71726C718BE00DA7D17 /* Build configuration list for PBXNativeTarget "TeladocHealthTestProjectTests" */ = {
			isa = XCConfigurationList;
			buildConfigurations = (
				994BA71826C718BE00DA7D17 /* Debug */,
				994BA71926C718BE00DA7D17 /* Release */,
			);
			defaultConfigurationIsVisible = 0;
			defaultConfigurationName = Release;
		};
		994BA71A26C718BE00DA7D17 /* Build configuration list for PBXNativeTarget "TeladocHealthTestProjectUITests" */ = {
			isa = XCConfigurationList;
			buildConfigurations = (
				994BA71B26C718BE00DA7D17 /* Debug */,
				994BA71C26C718BE00DA7D17 /* Release */,
			);
			defaultConfigurationIsVisible = 0;
			defaultConfigurationName = Release;
		};
/* End XCConfigurationList section */
	};
	rootObject = 994BA6E226C718BD00DA7D17 /* Project object */;
}
